
Microsoft Visual Studio Solution File, Format Version 12.00
# Visual Studio 2013
VisualStudioVersion = 12.0.31101.0
MinimumVisualStudioVersion = 10.0.40219.1
Project("{FAE04EC0-301F-11D3-BF4B-00C04F79EFBC}") = "BitcoinBlockchain", "BitcoinBlockchain\BitcoinBlockchain.csproj", "{D6982D0E-59C3-487B-A2C1-60AD7E1D0A32}"
EndProject
Project("{FAE04EC0-301F-11D3-BF4B-00C04F79EFBC}") = "BitcoinBlockchainSample", "BitcoinBlockchainSample\BitcoinBlockchainSample.csproj", "{0B6FA326-E9B6-429C-A93C-34EF4AC4EB11}"
EndProject
Global
	GlobalSection(SolutionConfigurationPlatforms) = preSolution
		Debug|Any CPU = Debug|Any CPU
		Debug|x64 = Debug|x64
		Release|Any CPU = Release|Any CPU
		Release|x64 = Release|x64
	EndGlobalSection
	GlobalSection(ProjectConfigurationPlatforms) = postSolution
		{D6982D0E-59C3-487B-A2C1-60AD7E1D0A32}.Debug|Any CPU.ActiveCfg = Debug|Any CPU
		{D6982D0E-59C3-487B-A2C1-60AD7E1D0A32}.Debug|Any CPU.Build.0 = Debug|Any CPU
		{D6982D0E-59C3-487B-A2C1-60AD7E1D0A32}.Debug|x64.ActiveCfg = Debug|Any CPU
		{D6982D0E-59C3-487B-A2C1-60AD7E1D0A32}.Debug|x64.Build.0 = Debug|Any CPU
		{D6982D0E-59C3-487B-A2C1-60AD7E1D0A32}.Release|Any CPU.ActiveCfg = Release|Any CPU
		{D6982D0E-59C3-487B-A2C1-60AD7E1D0A32}.Release|Any CPU.Build.0 = Release|Any CPU
		{D6982D0E-59C3-487B-A2C1-60AD7E1D0A32}.Release|x64.ActiveCfg = Release|Any CPU
		{0B6FA326-E9B6-429C-A93C-34EF4AC4EB11}.Debug|Any CPU.ActiveCfg = Debug|Any CPU
		{0B6FA326-E9B6-429C-A93C-34EF4AC4EB11}.Debug|Any CPU.Build.0 = Debug|Any CPU
		{0B6FA326-E9B6-429C-A93C-34EF4AC4EB11}.Debug|x64.ActiveCfg = Debug|x64
		{0B6FA326-E9B6-429C-A93C-34EF4AC4EB11}.Debug|x64.Build.0 = Debug|x64
		{0B6FA326-E9B6-429C-A93C-34EF4AC4EB11}.Release|Any CPU.ActiveCfg = Release|Any CPU
		{0B6FA326-E9B6-429C-A93C-34EF4AC4EB11}.Release|Any CPU.Build.0 = Release|Any CPU
		{0B6FA326-E9B6-429C-A93C-34EF4AC4EB11}.Release|x64.ActiveCfg = Release|x64
		{0B6FA326-E9B6-429C-A93C-34EF4AC4EB11}.Release|x64.Build.0 = Release|x64
	EndGlobalSection
	GlobalSection(SolutionProperties) = preSolution
		HideSolutionNode = FALSE
	EndGlobalSection
EndGlobal
